
Microsoft Visual Studio Solution File, Format Version 12.00
# Visual Studio Version 16
VisualStudioVersion = 16.0.30611.23
MinimumVisualStudioVersion = 10.0.40219.1
Project("{FAE04EC0-301F-11D3-BF4B-00C04F79EFBC}") = "Valor_Negativo_Multiplicado_por_-1", "Valor_Negativo_Multiplicado_por_-1.csproj", "{5FEE74AB-617C-45E4-92EB-F9B83BE7E96D}"
EndProject
Global
	GlobalSection(SolutionConfigurationPlatforms) = preSolution
		Debug|Any CPU = Debug|Any CPU
		Release|Any CPU = Release|Any CPU
	EndGlobalSection
	GlobalSection(ProjectConfigurationPlatforms) = postSolution
		{5FEE74AB-617C-45E4-92EB-F9B83BE7E96D}.Debug|Any CPU.ActiveCfg = Debug|Any CPU
		{5FEE74AB-617C-45E4-92EB-F9B83BE7E96D}.Debug|Any CPU.Build.0 = Debug|Any CPU
		{5FEE74AB-617C-45E4-92EB-F9B83BE7E96D}.Release|Any CPU.ActiveCfg = Release|Any CPU
		{5FEE74AB-617C-45E4-92EB-F9B83BE7E96D}.Release|Any CPU.Build.0 = Release|Any CPU
	EndGlobalSection
	GlobalSection(SolutionProperties) = preSolution
		HideSolutionNode = FALSE
	EndGlobalSection
	GlobalSection(ExtensibilityGlobals) = postSolution
		SolutionGuid = {8DF025F3-8241-4E24-B8E2-AB3DD20A8204}
	EndGlobalSection
EndGlobal
