
Microsoft Visual Studio Solution File, Format Version 12.00
# Visual Studio Version 16
VisualStudioVersion = 16.0.30611.23
MinimumVisualStudioVersion = 10.0.40219.1
Project("{FAE04EC0-301F-11D3-BF4B-00C04F79EFBC}") = "O_Resultado_Da_Soma_1_Ate_100", "O_Resultado_Da_Soma_1_Ate_100.csproj", "{EE4588FA-DBFE-46F6-AB5E-9F0675A9F6D3}"
EndProject
Global
	GlobalSection(SolutionConfigurationPlatforms) = preSolution
		Debug|Any CPU = Debug|Any CPU
		Release|Any CPU = Release|Any CPU
	EndGlobalSection
	GlobalSection(ProjectConfigurationPlatforms) = postSolution
		{EE4588FA-DBFE-46F6-AB5E-9F0675A9F6D3}.Debug|Any CPU.ActiveCfg = Debug|Any CPU
		{EE4588FA-DBFE-46F6-AB5E-9F0675A9F6D3}.Debug|Any CPU.Build.0 = Debug|Any CPU
		{EE4588FA-DBFE-46F6-AB5E-9F0675A9F6D3}.Release|Any CPU.ActiveCfg = Release|Any CPU
		{EE4588FA-DBFE-46F6-AB5E-9F0675A9F6D3}.Release|Any CPU.Build.0 = Release|Any CPU
	EndGlobalSection
	GlobalSection(SolutionProperties) = preSolution
		HideSolutionNode = FALSE
	EndGlobalSection
	GlobalSection(ExtensibilityGlobals) = postSolution
		SolutionGuid = {B837B8D1-CA0B-48E7-9480-6A8299CA2FB9}
	EndGlobalSection
EndGlobal
