
Microsoft Visual Studio Solution File, Format Version 12.00
# Visual Studio Version 16
VisualStudioVersion = 16.0.30611.23
MinimumVisualStudioVersion = 10.0.40219.1
Project("{FAE04EC0-301F-11D3-BF4B-00C04F79EFBC}") = "Mostrar_Os_Numeros_Divisiveis_Por_4_E_Menores_Que_200", "Mostrar_Os_Numeros_Divisiveis_Por_4_E_Menores_Que_200.csproj", "{7ED93997-293C-4A58-B750-D79827AB079B}"
EndProject
Global
	GlobalSection(SolutionConfigurationPlatforms) = preSolution
		Debug|Any CPU = Debug|Any CPU
		Release|Any CPU = Release|Any CPU
	EndGlobalSection
	GlobalSection(ProjectConfigurationPlatforms) = postSolution
		{7ED93997-293C-4A58-B750-D79827AB079B}.Debug|Any CPU.ActiveCfg = Debug|Any CPU
		{7ED93997-293C-4A58-B750-D79827AB079B}.Debug|Any CPU.Build.0 = Debug|Any CPU
		{7ED93997-293C-4A58-B750-D79827AB079B}.Release|Any CPU.ActiveCfg = Release|Any CPU
		{7ED93997-293C-4A58-B750-D79827AB079B}.Release|Any CPU.Build.0 = Release|Any CPU
	EndGlobalSection
	GlobalSection(SolutionProperties) = preSolution
		HideSolutionNode = FALSE
	EndGlobalSection
	GlobalSection(ExtensibilityGlobals) = postSolution
		SolutionGuid = {1032463B-EF9B-4EDC-BB1A-E70161506F6E}
	EndGlobalSection
EndGlobal
