
Microsoft Visual Studio Solution File, Format Version 12.00
# Visual Studio Version 16
VisualStudioVersion = 16.0.30611.23
MinimumVisualStudioVersion = 10.0.40219.1
Project("{FAE04EC0-301F-11D3-BF4B-00C04F79EFBC}") = "Mostrando_Os_Numeros_Impares_De_0_Ate_20", "Mostrando_Os_Numeros_Impares_De_0_Ate_20.csproj", "{505B9639-9197-4D07-AC6C-4575CD16EC51}"
EndProject
Global
	GlobalSection(SolutionConfigurationPlatforms) = preSolution
		Debug|Any CPU = Debug|Any CPU
		Release|Any CPU = Release|Any CPU
	EndGlobalSection
	GlobalSection(ProjectConfigurationPlatforms) = postSolution
		{505B9639-9197-4D07-AC6C-4575CD16EC51}.Debug|Any CPU.ActiveCfg = Debug|Any CPU
		{505B9639-9197-4D07-AC6C-4575CD16EC51}.Debug|Any CPU.Build.0 = Debug|Any CPU
		{505B9639-9197-4D07-AC6C-4575CD16EC51}.Release|Any CPU.ActiveCfg = Release|Any CPU
		{505B9639-9197-4D07-AC6C-4575CD16EC51}.Release|Any CPU.Build.0 = Release|Any CPU
	EndGlobalSection
	GlobalSection(SolutionProperties) = preSolution
		HideSolutionNode = FALSE
	EndGlobalSection
	GlobalSection(ExtensibilityGlobals) = postSolution
		SolutionGuid = {910A5626-87A3-48F8-B43C-D174E7C4A2E3}
	EndGlobalSection
EndGlobal
