
Microsoft Visual Studio Solution File, Format Version 12.00
# Visual Studio Version 16
VisualStudioVersion = 16.0.30611.23
MinimumVisualStudioVersion = 10.0.40219.1
Project("{FAE04EC0-301F-11D3-BF4B-00C04F79EFBC}") = "Soma_de_Numeros_Ao_Quadrado", "Soma_de_Numeros_Ao_Quadrado.csproj", "{5088467F-5F7D-4142-9A18-F6C288054458}"
EndProject
Global
	GlobalSection(SolutionConfigurationPlatforms) = preSolution
		Debug|Any CPU = Debug|Any CPU
		Release|Any CPU = Release|Any CPU
	EndGlobalSection
	GlobalSection(ProjectConfigurationPlatforms) = postSolution
		{5088467F-5F7D-4142-9A18-F6C288054458}.Debug|Any CPU.ActiveCfg = Debug|Any CPU
		{5088467F-5F7D-4142-9A18-F6C288054458}.Debug|Any CPU.Build.0 = Debug|Any CPU
		{5088467F-5F7D-4142-9A18-F6C288054458}.Release|Any CPU.ActiveCfg = Release|Any CPU
		{5088467F-5F7D-4142-9A18-F6C288054458}.Release|Any CPU.Build.0 = Release|Any CPU
	EndGlobalSection
	GlobalSection(SolutionProperties) = preSolution
		HideSolutionNode = FALSE
	EndGlobalSection
	GlobalSection(ExtensibilityGlobals) = postSolution
		SolutionGuid = {1145EF20-BF83-4557-ADC4-D1AED8E7E9CB}
	EndGlobalSection
EndGlobal
