
Microsoft Visual Studio Solution File, Format Version 12.00
# Visual Studio Version 16
VisualStudioVersion = 16.0.30611.23
MinimumVisualStudioVersion = 10.0.40219.1
Project("{FAE04EC0-301F-11D3-BF4B-00C04F79EFBC}") = "Media_Aluno_Aprovado_ou_Reprovado_Com_Novo_Exame", "Media_Aluno_Aprovado_ou_Reprovado_Com_Novo_Exame.csproj", "{294F7A79-B63F-4224-B8A3-686B52DB8666}"
EndProject
Global
	GlobalSection(SolutionConfigurationPlatforms) = preSolution
		Debug|Any CPU = Debug|Any CPU
		Release|Any CPU = Release|Any CPU
	EndGlobalSection
	GlobalSection(ProjectConfigurationPlatforms) = postSolution
		{294F7A79-B63F-4224-B8A3-686B52DB8666}.Debug|Any CPU.ActiveCfg = Debug|Any CPU
		{294F7A79-B63F-4224-B8A3-686B52DB8666}.Debug|Any CPU.Build.0 = Debug|Any CPU
		{294F7A79-B63F-4224-B8A3-686B52DB8666}.Release|Any CPU.ActiveCfg = Release|Any CPU
		{294F7A79-B63F-4224-B8A3-686B52DB8666}.Release|Any CPU.Build.0 = Release|Any CPU
	EndGlobalSection
	GlobalSection(SolutionProperties) = preSolution
		HideSolutionNode = FALSE
	EndGlobalSection
	GlobalSection(ExtensibilityGlobals) = postSolution
		SolutionGuid = {82E89D74-2518-4F52-8627-D84DD38291FE}
	EndGlobalSection
EndGlobal
