
Microsoft Visual Studio Solution File, Format Version 12.00
# Visual Studio Version 16
VisualStudioVersion = 16.0.30611.23
MinimumVisualStudioVersion = 10.0.40219.1
Project("{FAE04EC0-301F-11D3-BF4B-00C04F79EFBC}") = "Calcular_Volume", "Calcular_Volume.csproj", "{457EC744-9F06-4CE3-897F-CC8B50072B12}"
EndProject
Global
	GlobalSection(SolutionConfigurationPlatforms) = preSolution
		Debug|Any CPU = Debug|Any CPU
		Release|Any CPU = Release|Any CPU
	EndGlobalSection
	GlobalSection(ProjectConfigurationPlatforms) = postSolution
		{457EC744-9F06-4CE3-897F-CC8B50072B12}.Debug|Any CPU.ActiveCfg = Debug|Any CPU
		{457EC744-9F06-4CE3-897F-CC8B50072B12}.Debug|Any CPU.Build.0 = Debug|Any CPU
		{457EC744-9F06-4CE3-897F-CC8B50072B12}.Release|Any CPU.ActiveCfg = Release|Any CPU
		{457EC744-9F06-4CE3-897F-CC8B50072B12}.Release|Any CPU.Build.0 = Release|Any CPU
	EndGlobalSection
	GlobalSection(SolutionProperties) = preSolution
		HideSolutionNode = FALSE
	EndGlobalSection
	GlobalSection(ExtensibilityGlobals) = postSolution
		SolutionGuid = {C17818C6-4EFB-42CA-9C9D-FA49F24A0C78}
	EndGlobalSection
EndGlobal
