
Microsoft Visual Studio Solution File, Format Version 12.00
# Visual Studio Version 16
VisualStudioVersion = 16.0.30611.23
MinimumVisualStudioVersion = 10.0.40219.1
Project("{FAE04EC0-301F-11D3-BF4B-00C04F79EFBC}") = "Mostrar_a_Diferenca_do_Menor_entre_A_e_B", "Mostrar_a_Diferenca_do_Menor_entre_A_e_B.csproj", "{C232B6ED-D9CA-43BC-B6E2-5FB197171D89}"
EndProject
Global
	GlobalSection(SolutionConfigurationPlatforms) = preSolution
		Debug|Any CPU = Debug|Any CPU
		Release|Any CPU = Release|Any CPU
	EndGlobalSection
	GlobalSection(ProjectConfigurationPlatforms) = postSolution
		{C232B6ED-D9CA-43BC-B6E2-5FB197171D89}.Debug|Any CPU.ActiveCfg = Debug|Any CPU
		{C232B6ED-D9CA-43BC-B6E2-5FB197171D89}.Debug|Any CPU.Build.0 = Debug|Any CPU
		{C232B6ED-D9CA-43BC-B6E2-5FB197171D89}.Release|Any CPU.ActiveCfg = Release|Any CPU
		{C232B6ED-D9CA-43BC-B6E2-5FB197171D89}.Release|Any CPU.Build.0 = Release|Any CPU
	EndGlobalSection
	GlobalSection(SolutionProperties) = preSolution
		HideSolutionNode = FALSE
	EndGlobalSection
	GlobalSection(ExtensibilityGlobals) = postSolution
		SolutionGuid = {244462E6-78B1-46AD-A33F-4C8835FFF982}
	EndGlobalSection
EndGlobal
