
Microsoft Visual Studio Solution File, Format Version 12.00
# Visual Studio Version 16
VisualStudioVersion = 16.0.30611.23
MinimumVisualStudioVersion = 10.0.40219.1
Project("{FAE04EC0-301F-11D3-BF4B-00C04F79EFBC}") = "Conversao_de_Celsius_para_Fahrenheit", "Conversao_de_Celsius_para_Fahrenheit.csproj", "{50A81D1B-9BE6-46E1-AF1A-3AE2A37D195C}"
EndProject
Global
	GlobalSection(SolutionConfigurationPlatforms) = preSolution
		Debug|Any CPU = Debug|Any CPU
		Release|Any CPU = Release|Any CPU
	EndGlobalSection
	GlobalSection(ProjectConfigurationPlatforms) = postSolution
		{50A81D1B-9BE6-46E1-AF1A-3AE2A37D195C}.Debug|Any CPU.ActiveCfg = Debug|Any CPU
		{50A81D1B-9BE6-46E1-AF1A-3AE2A37D195C}.Debug|Any CPU.Build.0 = Debug|Any CPU
		{50A81D1B-9BE6-46E1-AF1A-3AE2A37D195C}.Release|Any CPU.ActiveCfg = Release|Any CPU
		{50A81D1B-9BE6-46E1-AF1A-3AE2A37D195C}.Release|Any CPU.Build.0 = Release|Any CPU
	EndGlobalSection
	GlobalSection(SolutionProperties) = preSolution
		HideSolutionNode = FALSE
	EndGlobalSection
	GlobalSection(ExtensibilityGlobals) = postSolution
		SolutionGuid = {8DCBD365-FE11-4289-A9FD-0DF7D7B9A4C1}
	EndGlobalSection
EndGlobal
