
Microsoft Visual Studio Solution File, Format Version 12.00
# Visual Studio Version 16
VisualStudioVersion = 16.0.30611.23
MinimumVisualStudioVersion = 10.0.40219.1
Project("{FAE04EC0-301F-11D3-BF4B-00C04F79EFBC}") = "Leia_MatrizA_So_Aceita_Pares_MatrizB_So_Impares_MatrizC_Uniao_De_Ambas", "Leia_MatrizA_So_Aceita_Pares_MatrizB_So_Impares_MatrizC_Uniao_De_Ambas.csproj", "{B3E64B34-7121-48D4-B5F2-DD9B4919A458}"
EndProject
Global
	GlobalSection(SolutionConfigurationPlatforms) = preSolution
		Debug|Any CPU = Debug|Any CPU
		Release|Any CPU = Release|Any CPU
	EndGlobalSection
	GlobalSection(ProjectConfigurationPlatforms) = postSolution
		{B3E64B34-7121-48D4-B5F2-DD9B4919A458}.Debug|Any CPU.ActiveCfg = Debug|Any CPU
		{B3E64B34-7121-48D4-B5F2-DD9B4919A458}.Debug|Any CPU.Build.0 = Debug|Any CPU
		{B3E64B34-7121-48D4-B5F2-DD9B4919A458}.Release|Any CPU.ActiveCfg = Release|Any CPU
		{B3E64B34-7121-48D4-B5F2-DD9B4919A458}.Release|Any CPU.Build.0 = Release|Any CPU
	EndGlobalSection
	GlobalSection(SolutionProperties) = preSolution
		HideSolutionNode = FALSE
	EndGlobalSection
	GlobalSection(ExtensibilityGlobals) = postSolution
		SolutionGuid = {BAD75B70-6B78-4579-A9EB-AA731518CCCB}
	EndGlobalSection
EndGlobal
